// !$*UTF8*$!
{
	archiveVersion = 1;
	classes = {
	};
	objectVersion = 56;
	objects = {

/* Begin PBXBuildFile section */
		545D786C56CBB25A657261A9 /* Pods_newsAppTests.framework in Frameworks */ = {isa = PBXBuildFile; fileRef = 2428972CCAE9AF600F2C5014 /* Pods_newsAppTests.framework */; };
		8D5C0B72D5BDC8E3093437B7 /* Pods_newsApp.framework in Frameworks */ = {isa = PBXBuildFile; fileRef = 2121CB642089D9E567ECE957 /* Pods_newsApp.framework */; };
		900C2F6C2AA64FCC00905D90 /* validation.swift in Sources */ = {isa = PBXBuildFile; fileRef = 900C2F6B2AA64FCC00905D90 /* validation.swift */; };
		9082DEC22AA35385007F6881 /* AppDelegate.swift in Sources */ = {isa = PBXBuildFile; fileRef = 9082DEC12AA35385007F6881 /* AppDelegate.swift */; };
		9082DEC42AA35385007F6881 /* SceneDelegate.swift in Sources */ = {isa = PBXBuildFile; fileRef = 9082DEC32AA35385007F6881 /* SceneDelegate.swift */; };
		9082DEC92AA35385007F6881 /* Main.storyboard in Resources */ = {isa = PBXBuildFile; fileRef = 9082DEC72AA35385007F6881 /* Main.storyboard */; };
		9082DECB2AA35386007F6881 /* Assets.xcassets in Resources */ = {isa = PBXBuildFile; fileRef = 9082DECA2AA35386007F6881 /* Assets.xcassets */; };
		9082DECE2AA35386007F6881 /* LaunchScreen.storyboard in Resources */ = {isa = PBXBuildFile; fileRef = 9082DECC2AA35386007F6881 /* LaunchScreen.storyboard */; };
		9082DED92AA35386007F6881 /* newsAppTests.swift in Sources */ = {isa = PBXBuildFile; fileRef = 9082DED82AA35386007F6881 /* newsAppTests.swift */; };
		9082DEE32AA35386007F6881 /* newsAppUITests.swift in Sources */ = {isa = PBXBuildFile; fileRef = 9082DEE22AA35386007F6881 /* newsAppUITests.swift */; };
		9082DEE52AA35386007F6881 /* newsAppUITestsLaunchTests.swift in Sources */ = {isa = PBXBuildFile; fileRef = 9082DEE42AA35386007F6881 /* newsAppUITestsLaunchTests.swift */; };
		9082DEF22AA4D004007F6881 /* HeadsLinesVC.swift in Sources */ = {isa = PBXBuildFile; fileRef = 9082DEF12AA4D004007F6881 /* HeadsLinesVC.swift */; };
		9082DEF42AA4DA87007F6881 /* NewsData.swift in Sources */ = {isa = PBXBuildFile; fileRef = 9082DEF32AA4DA87007F6881 /* NewsData.swift */; };
		9082DEF82AA4E92D007F6881 /* HeadLinesTableViewCell.swift in Sources */ = {isa = PBXBuildFile; fileRef = 9082DEF72AA4E92D007F6881 /* HeadLinesTableViewCell.swift */; };
		9082DEFA2AA4ED44007F6881 /* DescriptionVC.swift in Sources */ = {isa = PBXBuildFile; fileRef = 9082DEF92AA4ED44007F6881 /* DescriptionVC.swift */; };
		9082DF0D2AA5354F007F6881 /* RobotoSlab-Bold.ttf in Resources */ = {isa = PBXBuildFile; fileRef = 9082DF042AA5354F007F6881 /* RobotoSlab-Bold.ttf */; };
		9082DF0E2AA5354F007F6881 /* RobotoSlab-Thin.ttf in Resources */ = {isa = PBXBuildFile; fileRef = 9082DF052AA5354F007F6881 /* RobotoSlab-Thin.ttf */; };
		9082DF0F2AA5354F007F6881 /* RobotoSlab-Medium.ttf in Resources */ = {isa = PBXBuildFile; fileRef = 9082DF062AA5354F007F6881 /* RobotoSlab-Medium.ttf */; };
		9082DF102AA5354F007F6881 /* RobotoSlab-SemiBold.ttf in Resources */ = {isa = PBXBuildFile; fileRef = 9082DF072AA5354F007F6881 /* RobotoSlab-SemiBold.ttf */; };
		9082DF112AA5354F007F6881 /* RobotoSlab-ExtraBold.ttf in Resources */ = {isa = PBXBuildFile; fileRef = 9082DF082AA5354F007F6881 /* RobotoSlab-ExtraBold.ttf */; };
		9082DF122AA5354F007F6881 /* RobotoSlab-Light.ttf in Resources */ = {isa = PBXBuildFile; fileRef = 9082DF092AA5354F007F6881 /* RobotoSlab-Light.ttf */; };
		9082DF132AA5354F007F6881 /* RobotoSlab-ExtraLight.ttf in Resources */ = {isa = PBXBuildFile; fileRef = 9082DF0A2AA5354F007F6881 /* RobotoSlab-ExtraLight.ttf */; };
		9082DF142AA5354F007F6881 /* RobotoSlab-Regular.ttf in Resources */ = {isa = PBXBuildFile; fileRef = 9082DF0B2AA5354F007F6881 /* RobotoSlab-Regular.ttf */; };
		9082DF152AA5354F007F6881 /* RobotoSlab-Black.ttf in Resources */ = {isa = PBXBuildFile; fileRef = 9082DF0C2AA5354F007F6881 /* RobotoSlab-Black.ttf */; };
		9082DF1A2AA5547C007F6881 /* RegisterViewController.swift in Sources */ = {isa = PBXBuildFile; fileRef = 9082DF192AA5547C007F6881 /* RegisterViewController.swift */; };
		90F6385A2AA557E500A9EE80 /* ViewController.swift in Sources */ = {isa = PBXBuildFile; fileRef = 90F638592AA557E500A9EE80 /* ViewController.swift */; };
		90F6385C2AA6227800A9EE80 /* GoogleService-Info.plist in Resources */ = {isa = PBXBuildFile; fileRef = 90F6385B2AA6227800A9EE80 /* GoogleService-Info.plist */; };
		DAF974A9A2CBB22B3ACE0259 /* Pods_newsApp_newsAppUITests.framework in Frameworks */ = {isa = PBXBuildFile; fileRef = 70D1B4C808DB32B2697026B2 /* Pods_newsApp_newsAppUITests.framework */; };
/* End PBXBuildFile section */

/* Begin PBXContainerItemProxy section */
		9082DED52AA35386007F6881 /* PBXContainerItemProxy */ = {
			isa = PBXContainerItemProxy;
			containerPortal = 9082DEB62AA35385007F6881 /* Project object */;
			proxyType = 1;
			remoteGlobalIDString = 9082DEBD2AA35385007F6881;
			remoteInfo = newsApp;
		};
		9082DEDF2AA35386007F6881 /* PBXContainerItemProxy */ = {
			isa = PBXContainerItemProxy;
			containerPortal = 9082DEB62AA35385007F6881 /* Project object */;
			proxyType = 1;
			remoteGlobalIDString = 9082DEBD2AA35385007F6881;
			remoteInfo = newsApp;
		};
/* End PBXContainerItemProxy section */

/* Begin PBXFileReference section */
		2121CB642089D9E567ECE957 /* Pods_newsApp.framework */ = {isa = PBXFileReference; explicitFileType = wrapper.framework; includeInIndex = 0; path = Pods_newsApp.framework; sourceTree = BUILT_PRODUCTS_DIR; };
		2428972CCAE9AF600F2C5014 /* Pods_newsAppTests.framework */ = {isa = PBXFileReference; explicitFileType = wrapper.framework; includeInIndex = 0; path = Pods_newsAppTests.framework; sourceTree = BUILT_PRODUCTS_DIR; };
		28219F17EA31FEAEFF7818A4 /* Pods-newsAppTests.debug.xcconfig */ = {isa = PBXFileReference; includeInIndex = 1; lastKnownFileType = text.xcconfig; name = "Pods-newsAppTests.debug.xcconfig"; path = "Target Support Files/Pods-newsAppTests/Pods-newsAppTests.debug.xcconfig"; sourceTree = "<group>"; };
		70D1B4C808DB32B2697026B2 /* Pods_newsApp_newsAppUITests.framework */ = {isa = PBXFileReference; explicitFileType = wrapper.framework; includeInIndex = 0; path = Pods_newsApp_newsAppUITests.framework; sourceTree = BUILT_PRODUCTS_DIR; };
		7D5B7D000C3BB5562C364EAC /* Pods-newsAppTests.release.xcconfig */ = {isa = PBXFileReference; includeInIndex = 1; lastKnownFileType = text.xcconfig; name = "Pods-newsAppTests.release.xcconfig"; path = "Target Support Files/Pods-newsAppTests/Pods-newsAppTests.release.xcconfig"; sourceTree = "<group>"; };
		900C2F6B2AA64FCC00905D90 /* validation.swift */ = {isa = PBXFileReference; lastKnownFileType = sourcecode.swift; path = validation.swift; sourceTree = "<group>"; };
		9082DEBE2AA35385007F6881 /* newsApp.app */ = {isa = PBXFileReference; explicitFileType = wrapper.application; includeInIndex = 0; path = newsApp.app; sourceTree = BUILT_PRODUCTS_DIR; };
		9082DEC12AA35385007F6881 /* AppDelegate.swift */ = {isa = PBXFileReference; lastKnownFileType = sourcecode.swift; path = AppDelegate.swift; sourceTree = "<group>"; };
		9082DEC32AA35385007F6881 /* SceneDelegate.swift */ = {isa = PBXFileReference; lastKnownFileType = sourcecode.swift; path = SceneDelegate.swift; sourceTree = "<group>"; };
		9082DEC82AA35385007F6881 /* Base */ = {isa = PBXFileReference; lastKnownFileType = file.storyboard; name = Base; path = Base.lproj/Main.storyboard; sourceTree = "<group>"; };
		9082DECA2AA35386007F6881 /* Assets.xcassets */ = {isa = PBXFileReference; lastKnownFileType = folder.assetcatalog; path = Assets.xcassets; sourceTree = "<group>"; };
		9082DECD2AA35386007F6881 /* Base */ = {isa = PBXFileReference; lastKnownFileType = file.storyboard; name = Base; path = Base.lproj/LaunchScreen.storyboard; sourceTree = "<group>"; };
		9082DECF2AA35386007F6881 /* Info.plist */ = {isa = PBXFileReference; lastKnownFileType = text.plist.xml; path = Info.plist; sourceTree = "<group>"; };
		9082DED42AA35386007F6881 /* newsAppTests.xctest */ = {isa = PBXFileReference; explicitFileType = wrapper.cfbundle; includeInIndex = 0; path = newsAppTests.xctest; sourceTree = BUILT_PRODUCTS_DIR; };
		9082DED82AA35386007F6881 /* newsAppTests.swift */ = {isa = PBXFileReference; lastKnownFileType = sourcecode.swift; path = newsAppTests.swift; sourceTree = "<group>"; };
		9082DEDE2AA35386007F6881 /* newsAppUITests.xctest */ = {isa = PBXFileReference; explicitFileType = wrapper.cfbundle; includeInIndex = 0; path = newsAppUITests.xctest; sourceTree = BUILT_PRODUCTS_DIR; };
		9082DEE22AA35386007F6881 /* newsAppUITests.swift */ = {isa = PBXFileReference; lastKnownFileType = sourcecode.swift; path = newsAppUITests.swift; sourceTree = "<group>"; };
		9082DEE42AA35386007F6881 /* newsAppUITestsLaunchTests.swift */ = {isa = PBXFileReference; lastKnownFileType = sourcecode.swift; path = newsAppUITestsLaunchTests.swift; sourceTree = "<group>"; };
		9082DEF12AA4D004007F6881 /* HeadsLinesVC.swift */ = {isa = PBXFileReference; lastKnownFileType = sourcecode.swift; path = HeadsLinesVC.swift; sourceTree = "<group>"; };
		9082DEF32AA4DA87007F6881 /* NewsData.swift */ = {isa = PBXFileReference; lastKnownFileType = sourcecode.swift; path = NewsData.swift; sourceTree = "<group>"; };
		9082DEF72AA4E92D007F6881 /* HeadLinesTableViewCell.swift */ = {isa = PBXFileReference; lastKnownFileType = sourcecode.swift; path = HeadLinesTableViewCell.swift; sourceTree = "<group>"; };
		9082DEF92AA4ED44007F6881 /* DescriptionVC.swift */ = {isa = PBXFileReference; lastKnownFileType = sourcecode.swift; path = DescriptionVC.swift; sourceTree = "<group>"; };
		9082DF042AA5354F007F6881 /* RobotoSlab-Bold.ttf */ = {isa = PBXFileReference; lastKnownFileType = file; path = "RobotoSlab-Bold.ttf"; sourceTree = "<group>"; };
		9082DF052AA5354F007F6881 /* RobotoSlab-Thin.ttf */ = {isa = PBXFileReference; lastKnownFileType = file; path = "RobotoSlab-Thin.ttf"; sourceTree = "<group>"; };
		9082DF062AA5354F007F6881 /* RobotoSlab-Medium.ttf */ = {isa = PBXFileReference; lastKnownFileType = file; path = "RobotoSlab-Medium.ttf"; sourceTree = "<group>"; };
		9082DF072AA5354F007F6881 /* RobotoSlab-SemiBold.ttf */ = {isa = PBXFileReference; lastKnownFileType = file; path = "RobotoSlab-SemiBold.ttf"; sourceTree = "<group>"; };
		9082DF082AA5354F007F6881 /* RobotoSlab-ExtraBold.ttf */ = {isa = PBXFileReference; lastKnownFileType = file; path = "RobotoSlab-ExtraBold.ttf"; sourceTree = "<group>"; };
		9082DF092AA5354F007F6881 /* RobotoSlab-Light.ttf */ = {isa = PBXFileReference; lastKnownFileType = file; path = "RobotoSlab-Light.ttf"; sourceTree = "<group>"; };
		9082DF0A2AA5354F007F6881 /* RobotoSlab-ExtraLight.ttf */ = {isa = PBXFileReference; lastKnownFileType = file; path = "RobotoSlab-ExtraLight.ttf"; sourceTree = "<group>"; };
		9082DF0B2AA5354F007F6881 /* RobotoSlab-Regular.ttf */ = {isa = PBXFileReference; lastKnownFileType = file; path = "RobotoSlab-Regular.ttf"; sourceTree = "<group>"; };
		9082DF0C2AA5354F007F6881 /* RobotoSlab-Black.ttf */ = {isa = PBXFileReference; lastKnownFileType = file; path = "RobotoSlab-Black.ttf"; sourceTree = "<group>"; };
		9082DF192AA5547C007F6881 /* RegisterViewController.swift */ = {isa = PBXFileReference; lastKnownFileType = sourcecode.swift; path = RegisterViewController.swift; sourceTree = "<group>"; };
		90F638592AA557E500A9EE80 /* ViewController.swift */ = {isa = PBXFileReference; lastKnownFileType = sourcecode.swift; path = ViewController.swift; sourceTree = "<group>"; };
		90F6385B2AA6227800A9EE80 /* GoogleService-Info.plist */ = {isa = PBXFileReference; fileEncoding = 4; lastKnownFileType = text.plist.xml; path = "GoogleService-Info.plist"; sourceTree = "<group>"; };
		B4684562AA39005CC20A4616 /* Pods-newsApp.debug.xcconfig */ = {isa = PBXFileReference; includeInIndex = 1; lastKnownFileType = text.xcconfig; name = "Pods-newsApp.debug.xcconfig"; path = "Target Support Files/Pods-newsApp/Pods-newsApp.debug.xcconfig"; sourceTree = "<group>"; };
		D09CE5DDE7B4D4BF222C3095 /* Pods-newsApp-newsAppUITests.release.xcconfig */ = {isa = PBXFileReference; includeInIndex = 1; lastKnownFileType = text.xcconfig; name = "Pods-newsApp-newsAppUITests.release.xcconfig"; path = "Target Support Files/Pods-newsApp-newsAppUITests/Pods-newsApp-newsAppUITests.release.xcconfig"; sourceTree = "<group>"; };
		DE3AEF51EC821C029C694C6C /* Pods-newsApp.release.xcconfig */ = {isa = PBXFileReference; includeInIndex = 1; lastKnownFileType = text.xcconfig; name = "Pods-newsApp.release.xcconfig"; path = "Target Support Files/Pods-newsApp/Pods-newsApp.release.xcconfig"; sourceTree = "<group>"; };
		EB0CACC0983B67A358629BE5 /* Pods-newsApp-newsAppUITests.debug.xcconfig */ = {isa = PBXFileReference; includeInIndex = 1; lastKnownFileType = text.xcconfig; name = "Pods-newsApp-newsAppUITests.debug.xcconfig"; path = "Target Support Files/Pods-newsApp-newsAppUITests/Pods-newsApp-newsAppUITests.debug.xcconfig"; sourceTree = "<group>"; };
/* End PBXFileReference section */

/* Begin PBXFrameworksBuildPhase section */
		9082DEBB2AA35385007F6881 /* Frameworks */ = {
			isa = PBXFrameworksBuildPhase;
			buildActionMask = 2147483647;
			files = (
				8D5C0B72D5BDC8E3093437B7 /* Pods_newsApp.framework in Frameworks */,
			);
			runOnlyForDeploymentPostprocessing = 0;
		};
		9082DED12AA35386007F6881 /* Frameworks */ = {
			isa = PBXFrameworksBuildPhase;
			buildActionMask = 2147483647;
			files = (
				545D786C56CBB25A657261A9 /* Pods_newsAppTests.framework in Frameworks */,
			);
			runOnlyForDeploymentPostprocessing = 0;
		};
		9082DEDB2AA35386007F6881 /* Frameworks */ = {
			isa = PBXFrameworksBuildPhase;
			buildActionMask = 2147483647;
			files = (
				DAF974A9A2CBB22B3ACE0259 /* Pods_newsApp_newsAppUITests.framework in Frameworks */,
			);
			runOnlyForDeploymentPostprocessing = 0;
		};
/* End PBXFrameworksBuildPhase section */

/* Begin PBXGroup section */
		0D3B1FEA67811ACD54276CF9 /* Pods */ = {
			isa = PBXGroup;
			children = (
				B4684562AA39005CC20A4616 /* Pods-newsApp.debug.xcconfig */,
				DE3AEF51EC821C029C694C6C /* Pods-newsApp.release.xcconfig */,
				EB0CACC0983B67A358629BE5 /* Pods-newsApp-newsAppUITests.debug.xcconfig */,
				D09CE5DDE7B4D4BF222C3095 /* Pods-newsApp-newsAppUITests.release.xcconfig */,
				28219F17EA31FEAEFF7818A4 /* Pods-newsAppTests.debug.xcconfig */,
				7D5B7D000C3BB5562C364EAC /* Pods-newsAppTests.release.xcconfig */,
			);
			path = Pods;
			sourceTree = "<group>";
		};
		9082DEB52AA35385007F6881 = {
			isa = PBXGroup;
			children = (
				9082DEC02AA35385007F6881 /* newsApp */,
				9082DF162AA5428B007F6881 /* Fonts */,
				9082DED72AA35386007F6881 /* newsAppTests */,
				9082DEE12AA35386007F6881 /* newsAppUITests */,
				9082DEBF2AA35385007F6881 /* Products */,
				0D3B1FEA67811ACD54276CF9 /* Pods */,
				9E767F83DF6698ECA4B9310A /* Frameworks */,
			);
			sourceTree = "<group>";
		};
		9082DEBF2AA35385007F6881 /* Products */ = {
			isa = PBXGroup;
			children = (
				9082DEBE2AA35385007F6881 /* newsApp.app */,
				9082DED42AA35386007F6881 /* newsAppTests.xctest */,
				9082DEDE2AA35386007F6881 /* newsAppUITests.xctest */,
			);
			name = Products;
			sourceTree = "<group>";
		};
		9082DEC02AA35385007F6881 /* newsApp */ = {
			isa = PBXGroup;
			children = (
				9082DF182AA55438007F6881 /* LoginViewController */,
				9082DF172AA5436F007F6881 /* NewsDataViewController */,
				9082DEC12AA35385007F6881 /* AppDelegate.swift */,
				9082DEC32AA35385007F6881 /* SceneDelegate.swift */,
				9082DEC72AA35385007F6881 /* Main.storyboard */,
				9082DECA2AA35386007F6881 /* Assets.xcassets */,
				9082DECC2AA35386007F6881 /* LaunchScreen.storyboard */,
				9082DECF2AA35386007F6881 /* Info.plist */,
				90F6385B2AA6227800A9EE80 /* GoogleService-Info.plist */,
			);
			path = newsApp;
			sourceTree = "<group>";
		};
		9082DED72AA35386007F6881 /* newsAppTests */ = {
			isa = PBXGroup;
			children = (
				9082DED82AA35386007F6881 /* newsAppTests.swift */,
			);
			path = newsAppTests;
			sourceTree = "<group>";
		};
		9082DEE12AA35386007F6881 /* newsAppUITests */ = {
			isa = PBXGroup;
			children = (
				9082DEE22AA35386007F6881 /* newsAppUITests.swift */,
				9082DEE42AA35386007F6881 /* newsAppUITestsLaunchTests.swift */,
			);
			path = newsAppUITests;
			sourceTree = "<group>";
		};
		9082DF162AA5428B007F6881 /* Fonts */ = {
			isa = PBXGroup;
			children = (
				9082DF0C2AA5354F007F6881 /* RobotoSlab-Black.ttf */,
				9082DF042AA5354F007F6881 /* RobotoSlab-Bold.ttf */,
				9082DF082AA5354F007F6881 /* RobotoSlab-ExtraBold.ttf */,
				9082DF0A2AA5354F007F6881 /* RobotoSlab-ExtraLight.ttf */,
				9082DF092AA5354F007F6881 /* RobotoSlab-Light.ttf */,
				9082DF062AA5354F007F6881 /* RobotoSlab-Medium.ttf */,
				9082DF0B2AA5354F007F6881 /* RobotoSlab-Regular.ttf */,
				9082DF072AA5354F007F6881 /* RobotoSlab-SemiBold.ttf */,
				9082DF052AA5354F007F6881 /* RobotoSlab-Thin.ttf */,
			);
			path = Fonts;
			sourceTree = "<group>";
		};
		9082DF172AA5436F007F6881 /* NewsDataViewController */ = {
			isa = PBXGroup;
			children = (
				9082DEF12AA4D004007F6881 /* HeadsLinesVC.swift */,
				9082DEF72AA4E92D007F6881 /* HeadLinesTableViewCell.swift */,
				9082DEF92AA4ED44007F6881 /* DescriptionVC.swift */,
				9082DEF32AA4DA87007F6881 /* NewsData.swift */,
			);
			path = NewsDataViewController;
			sourceTree = "<group>";
		};
		9082DF182AA55438007F6881 /* LoginViewController */ = {
			isa = PBXGroup;
			children = (
				9082DF192AA5547C007F6881 /* RegisterViewController.swift */,
				90F638592AA557E500A9EE80 /* ViewController.swift */,
				900C2F6B2AA64FCC00905D90 /* validation.swift */,
			);
			path = LoginViewController;
			sourceTree = "<group>";
		};
		9E767F83DF6698ECA4B9310A /* Frameworks */ = {
			isa = PBXGroup;
			children = (
				2121CB642089D9E567ECE957 /* Pods_newsApp.framework */,
				70D1B4C808DB32B2697026B2 /* Pods_newsApp_newsAppUITests.framework */,
				2428972CCAE9AF600F2C5014 /* Pods_newsAppTests.framework */,
			);
			name = Frameworks;
			sourceTree = "<group>";
		};
/* End PBXGroup section */

/* Begin PBXNativeTarget section */
		9082DEBD2AA35385007F6881 /* newsApp */ = {
			isa = PBXNativeTarget;
			buildConfigurationList = 9082DEE82AA35386007F6881 /* Build configuration list for PBXNativeTarget "newsApp" */;
			buildPhases = (
				8571A70DF5B959BD0A97B5D6 /* [CP] Check Pods Manifest.lock */,
				9082DEBA2AA35385007F6881 /* Sources */,
				9082DEBB2AA35385007F6881 /* Frameworks */,
				9082DEBC2AA35385007F6881 /* Resources */,
				77E23012771C466696A2ABE5 /* [CP] Embed Pods Frameworks */,
			);
			buildRules = (
			);
			dependencies = (
			);
			name = newsApp;
			productName = newsApp;
			productReference = 9082DEBE2AA35385007F6881 /* newsApp.app */;
			productType = "com.apple.product-type.application";
		};
		9082DED32AA35386007F6881 /* newsAppTests */ = {
			isa = PBXNativeTarget;
			buildConfigurationList = 9082DEEB2AA35386007F6881 /* Build configuration list for PBXNativeTarget "newsAppTests" */;
			buildPhases = (
				E7B5C5D30BCF1341F25072A8 /* [CP] Check Pods Manifest.lock */,
				9082DED02AA35386007F6881 /* Sources */,
				9082DED12AA35386007F6881 /* Frameworks */,
				9082DED22AA35386007F6881 /* Resources */,
			);
			buildRules = (
			);
			dependencies = (
				9082DED62AA35386007F6881 /* PBXTargetDependency */,
			);
			name = newsAppTests;
			productName = newsAppTests;
			productReference = 9082DED42AA35386007F6881 /* newsAppTests.xctest */;
			productType = "com.apple.product-type.bundle.unit-test";
		};
		9082DEDD2AA35386007F6881 /* newsAppUITests */ = {
			isa = PBXNativeTarget;
			buildConfigurationList = 9082DEEE2AA35386007F6881 /* Build configuration list for PBXNativeTarget "newsAppUITests" */;
			buildPhases = (
				D91A5A3E7BD1E777EE62538A /* [CP] Check Pods Manifest.lock */,
				9082DEDA2AA35386007F6881 /* Sources */,
				9082DEDB2AA35386007F6881 /* Frameworks */,
				9082DEDC2AA35386007F6881 /* Resources */,
				6DB6B1E7CBB20541FC3B6FEE /* [CP] Embed Pods Frameworks */,
			);
			buildRules = (
			);
			dependencies = (
				9082DEE02AA35386007F6881 /* PBXTargetDependency */,
			);
			name = newsAppUITests;
			productName = newsAppUITests;
			productReference = 9082DEDE2AA35386007F6881 /* newsAppUITests.xctest */;
			productType = "com.apple.product-type.bundle.ui-testing";
		};
/* End PBXNativeTarget section */

/* Begin PBXProject section */
		9082DEB62AA35385007F6881 /* Project object */ = {
			isa = PBXProject;
			attributes = {
				BuildIndependentTargetsInParallel = 1;
				LastSwiftUpdateCheck = 1430;
				LastUpgradeCheck = 1430;
				TargetAttributes = {
					9082DEBD2AA35385007F6881 = {
						CreatedOnToolsVersion = 14.3.1;
					};
					9082DED32AA35386007F6881 = {
						CreatedOnToolsVersion = 14.3.1;
						TestTargetID = 9082DEBD2AA35385007F6881;
					};
					9082DEDD2AA35386007F6881 = {
						CreatedOnToolsVersion = 14.3.1;
						TestTargetID = 9082DEBD2AA35385007F6881;
					};
				};
			};
			buildConfigurationList = 9082DEB92AA35385007F6881 /* Build configuration list for PBXProject "newsApp" */;
			compatibilityVersion = "Xcode 14.0";
			developmentRegion = en;
			hasScannedForEncodings = 0;
			knownRegions = (
				en,
				Base,
			);
			mainGroup = 9082DEB52AA35385007F6881;
			productRefGroup = 9082DEBF2AA35385007F6881 /* Products */;
			projectDirPath = "";
			projectRoot = "";
			targets = (
				9082DEBD2AA35385007F6881 /* newsApp */,
				9082DED32AA35386007F6881 /* newsAppTests */,
				9082DEDD2AA35386007F6881 /* newsAppUITests */,
			);
		};
/* End PBXProject section */

/* Begin PBXResourcesBuildPhase section */
		9082DEBC2AA35385007F6881 /* Resources */ = {
			isa = PBXResourcesBuildPhase;
			buildActionMask = 2147483647;
			files = (
				90F6385C2AA6227800A9EE80 /* GoogleService-Info.plist in Resources */,
				9082DF0F2AA5354F007F6881 /* RobotoSlab-Medium.ttf in Resources */,
				9082DF152AA5354F007F6881 /* RobotoSlab-Black.ttf in Resources */,
				9082DF0D2AA5354F007F6881 /* RobotoSlab-Bold.ttf in Resources */,
				9082DF102AA5354F007F6881 /* RobotoSlab-SemiBold.ttf in Resources */,
				9082DF0E2AA5354F007F6881 /* RobotoSlab-Thin.ttf in Resources */,
				9082DECE2AA35386007F6881 /* LaunchScreen.storyboard in Resources */,
				9082DF132AA5354F007F6881 /* RobotoSlab-ExtraLight.ttf in Resources */,
				9082DF122AA5354F007F6881 /* RobotoSlab-Light.ttf in Resources */,
				9082DF112AA5354F007F6881 /* RobotoSlab-ExtraBold.ttf in Resources */,
				9082DECB2AA35386007F6881 /* Assets.xcassets in Resources */,
				9082DEC92AA35385007F6881 /* Main.storyboard in Resources */,
				9082DF142AA5354F007F6881 /* RobotoSlab-Regular.ttf in Resources */,
			);
			runOnlyForDeploymentPostprocessing = 0;
		};
		9082DED22AA35386007F6881 /* Resources */ = {
			isa = PBXResourcesBuildPhase;
			buildActionMask = 2147483647;
			files = (
			);
			runOnlyForDeploymentPostprocessing = 0;
		};
		9082DEDC2AA35386007F6881 /* Resources */ = {
			isa = PBXResourcesBuildPhase;
			buildActionMask = 2147483647;
			files = (
			);
			runOnlyForDeploymentPostprocessing = 0;
		};
/* End PBXResourcesBuildPhase section */

/* Begin PBXShellScriptBuildPhase section */
		6DB6B1E7CBB20541FC3B6FEE /* [CP] Embed Pods Frameworks */ = {
			isa = PBXShellScriptBuildPhase;
			buildActionMask = 2147483647;
			files = (
			);
			inputFileListPaths = (
				"${PODS_ROOT}/Target Support Files/Pods-newsApp-newsAppUITests/Pods-newsApp-newsAppUITests-frameworks-${CONFIGURATION}-input-files.xcfilelist",
			);
			name = "[CP] Embed Pods Frameworks";
			outputFileListPaths = (
				"${PODS_ROOT}/Target Support Files/Pods-newsApp-newsAppUITests/Pods-newsApp-newsAppUITests-frameworks-${CONFIGURATION}-output-files.xcfilelist",
			);
			runOnlyForDeploymentPostprocessing = 0;
			shellPath = /bin/sh;
			shellScript = "\"${PODS_ROOT}/Target Support Files/Pods-newsApp-newsAppUITests/Pods-newsApp-newsAppUITests-frameworks.sh\"\n";
			showEnvVarsInLog = 0;
		};
		77E23012771C466696A2ABE5 /* [CP] Embed Pods Frameworks */ = {
			isa = PBXShellScriptBuildPhase;
			buildActionMask = 2147483647;
			files = (
			);
			inputFileListPaths = (
				"${PODS_ROOT}/Target Support Files/Pods-newsApp/Pods-newsApp-frameworks-${CONFIGURATION}-input-files.xcfilelist",
			);
			name = "[CP] Embed Pods Frameworks";
			outputFileListPaths = (
				"${PODS_ROOT}/Target Support Files/Pods-newsApp/Pods-newsApp-frameworks-${CONFIGURATION}-output-files.xcfilelist",
			);
			runOnlyForDeploymentPostprocessing = 0;
			shellPath = /bin/sh;
			shellScript = "\"${PODS_ROOT}/Target Support Files/Pods-newsApp/Pods-newsApp-frameworks.sh\"\n";
			showEnvVarsInLog = 0;
		};
		8571A70DF5B959BD0A97B5D6 /* [CP] Check Pods Manifest.lock */ = {
			isa = PBXShellScriptBuildPhase;
			buildActionMask = 2147483647;
			files = (
			);
			inputFileListPaths = (
			);
			inputPaths = (
				"${PODS_PODFILE_DIR_PATH}/Podfile.lock",
				"${PODS_ROOT}/Manifest.lock",
			);
			name = "[CP] Check Pods Manifest.lock";
			outputFileListPaths = (
			);
			outputPaths = (
				"$(DERIVED_FILE_DIR)/Pods-newsApp-checkManifestLockResult.txt",
			);
			runOnlyForDeploymentPostprocessing = 0;
			shellPath = /bin/sh;
			shellScript = "diff \"${PODS_PODFILE_DIR_PATH}/Podfile.lock\" \"${PODS_ROOT}/Manifest.lock\" > /dev/null\nif [ $? != 0 ] ; then\n    # print error to STDERR\n    echo \"error: The sandbox is not in sync with the Podfile.lock. Run 'pod install' or update your CocoaPods installation.\" >&2\n    exit 1\nfi\n# This output is used by Xcode 'outputs' to avoid re-running this script phase.\necho \"SUCCESS\" > \"${SCRIPT_OUTPUT_FILE_0}\"\n";
			showEnvVarsInLog = 0;
		};
		D91A5A3E7BD1E777EE62538A /* [CP] Check Pods Manifest.lock */ = {
			isa = PBXShellScriptBuildPhase;
			buildActionMask = 2147483647;
			files = (
			);
			inputFileListPaths = (
			);
			inputPaths = (
				"${PODS_PODFILE_DIR_PATH}/Podfile.lock",
				"${PODS_ROOT}/Manifest.lock",
			);
			name = "[CP] Check Pods Manifest.lock";
			outputFileListPaths = (
			);
			outputPaths = (
				"$(DERIVED_FILE_DIR)/Pods-newsApp-newsAppUITests-checkManifestLockResult.txt",
			);
			runOnlyForDeploymentPostprocessing = 0;
			shellPath = /bin/sh;
			shellScript = "diff \"${PODS_PODFILE_DIR_PATH}/Podfile.lock\" \"${PODS_ROOT}/Manifest.lock\" > /dev/null\nif [ $? != 0 ] ; then\n    # print error to STDERR\n    echo \"error: The sandbox is not in sync with the Podfile.lock. Run 'pod install' or update your CocoaPods installation.\" >&2\n    exit 1\nfi\n# This output is used by Xcode 'outputs' to avoid re-running this script phase.\necho \"SUCCESS\" > \"${SCRIPT_OUTPUT_FILE_0}\"\n";
			showEnvVarsInLog = 0;
		};
		E7B5C5D30BCF1341F25072A8 /* [CP] Check Pods Manifest.lock */ = {
			isa = PBXShellScriptBuildPhase;
			buildActionMask = 2147483647;
			files = (
			);
			inputFileListPaths = (
			);
			inputPaths = (
				"${PODS_PODFILE_DIR_PATH}/Podfile.lock",
				"${PODS_ROOT}/Manifest.lock",
			);
			name = "[CP] Check Pods Manifest.lock";
			outputFileListPaths = (
			);
			outputPaths = (
				"$(DERIVED_FILE_DIR)/Pods-newsAppTests-checkManifestLockResult.txt",
			);
			runOnlyForDeploymentPostprocessing = 0;
			shellPath = /bin/sh;
			shellScript = "diff \"${PODS_PODFILE_DIR_PATH}/Podfile.lock\" \"${PODS_ROOT}/Manifest.lock\" > /dev/null\nif [ $? != 0 ] ; then\n    # print error to STDERR\n    echo \"error: The sandbox is not in sync with the Podfile.lock. Run 'pod install' or update your CocoaPods installation.\" >&2\n    exit 1\nfi\n# This output is used by Xcode 'outputs' to avoid re-running this script phase.\necho \"SUCCESS\" > \"${SCRIPT_OUTPUT_FILE_0}\"\n";
			showEnvVarsInLog = 0;
		};
/* End PBXShellScriptBuildPhase section */

/* Begin PBXSourcesBuildPhase section */
		9082DEBA2AA35385007F6881 /* Sources */ = {
			isa = PBXSourcesBuildPhase;
			buildActionMask = 2147483647;
			files = (
				9082DEFA2AA4ED44007F6881 /* DescriptionVC.swift in Sources */,
				9082DEF82AA4E92D007F6881 /* HeadLinesTableViewCell.swift in Sources */,
				9082DF1A2AA5547C007F6881 /* RegisterViewController.swift in Sources */,
				9082DEC22AA35385007F6881 /* AppDelegate.swift in Sources */,
				9082DEF22AA4D004007F6881 /* HeadsLinesVC.swift in Sources */,
				9082DEC42AA35385007F6881 /* SceneDelegate.swift in Sources */,
				90F6385A2AA557E500A9EE80 /* ViewController.swift in Sources */,
				9082DEF42AA4DA87007F6881 /* NewsData.swift in Sources */,
				900C2F6C2AA64FCC00905D90 /* validation.swift in Sources */,
			);
			runOnlyForDeploymentPostprocessing = 0;
		};
		9082DED02AA35386007F6881 /* Sources */ = {
			isa = PBXSourcesBuildPhase;
			buildActionMask = 2147483647;
			files = (
				9082DED92AA35386007F6881 /* newsAppTests.swift in Sources */,
			);
			runOnlyForDeploymentPostprocessing = 0;
		};
		9082DEDA2AA35386007F6881 /* Sources */ = {
			isa = PBXSourcesBuildPhase;
			buildActionMask = 2147483647;
			files = (
				9082DEE32AA35386007F6881 /* newsAppUITests.swift in Sources */,
				9082DEE52AA35386007F6881 /* newsAppUITestsLaunchTests.swift in Sources */,
			);
			runOnlyForDeploymentPostprocessing = 0;
		};
/* End PBXSourcesBuildPhase section */

/* Begin PBXTargetDependency section */
		9082DED62AA35386007F6881 /* PBXTargetDependency */ = {
			isa = PBXTargetDependency;
			target = 9082DEBD2AA35385007F6881 /* newsApp */;
			targetProxy = 9082DED52AA35386007F6881 /* PBXContainerItemProxy */;
		};
		9082DEE02AA35386007F6881 /* PBXTargetDependency */ = {
			isa = PBXTargetDependency;
			target = 9082DEBD2AA35385007F6881 /* newsApp */;
			targetProxy = 9082DEDF2AA35386007F6881 /* PBXContainerItemProxy */;
		};
/* End PBXTargetDependency section */

/* Begin PBXVariantGroup section */
		9082DEC72AA35385007F6881 /* Main.storyboard */ = {
			isa = PBXVariantGroup;
			children = (
				9082DEC82AA35385007F6881 /* Base */,
			);
			name = Main.storyboard;
			sourceTree = "<group>";
		};
		9082DECC2AA35386007F6881 /* LaunchScreen.storyboard */ = {
			isa = PBXVariantGroup;
			children = (
				9082DECD2AA35386007F6881 /* Base */,
			);
			name = LaunchScreen.storyboard;
			sourceTree = "<group>";
		};
/* End PBXVariantGroup section */

/* Begin XCBuildConfiguration section */
		9082DEE62AA35386007F6881 /* Debug */ = {
			isa = XCBuildConfiguration;
			buildSettings = {
				ALWAYS_SEARCH_USER_PATHS = NO;
				CLANG_ANALYZER_NONNULL = YES;
				CLANG_ANALYZER_NUMBER_OBJECT_CONVERSION = YES_AGGRESSIVE;
				CLANG_CXX_LANGUAGE_STANDARD = "gnu++20";
				CLANG_ENABLE_MODULES = YES;
				CLANG_ENABLE_OBJC_ARC = YES;
				CLANG_ENABLE_OBJC_WEAK = YES;
				CLANG_WARN_BLOCK_CAPTURE_AUTORELEASING = YES;
				CLANG_WARN_BOOL_CONVERSION = YES;
				CLANG_WARN_COMMA = YES;
				CLANG_WARN_CONSTANT_CONVERSION = YES;
				CLANG_WARN_DEPRECATED_OBJC_IMPLEMENTATIONS = YES;
				CLANG_WARN_DIRECT_OBJC_ISA_USAGE = YES_ERROR;
				CLANG_WARN_DOCUMENTATION_COMMENTS = YES;
				CLANG_WARN_EMPTY_BODY = YES;
				CLANG_WARN_ENUM_CONVERSION = YES;
				CLANG_WARN_INFINITE_RECURSION = YES;
				CLANG_WARN_INT_CONVERSION = YES;
				CLANG_WARN_NON_LITERAL_NULL_CONVERSION = YES;
				CLANG_WARN_OBJC_IMPLICIT_RETAIN_SELF = YES;
				CLANG_WARN_OBJC_LITERAL_CONVERSION = YES;
				CLANG_WARN_OBJC_ROOT_CLASS = YES_ERROR;
				CLANG_WARN_QUOTED_INCLUDE_IN_FRAMEWORK_HEADER = YES;
				CLANG_WARN_RANGE_LOOP_ANALYSIS = YES;
				CLANG_WARN_STRICT_PROTOTYPES = YES;
				CLANG_WARN_SUSPICIOUS_MOVE = YES;
				CLANG_WARN_UNGUARDED_AVAILABILITY = YES_AGGRESSIVE;
				CLANG_WARN_UNREACHABLE_CODE = YES;
				CLANG_WARN__DUPLICATE_METHOD_MATCH = YES;
				COPY_PHASE_STRIP = NO;
				DEBUG_INFORMATION_FORMAT = dwarf;
				ENABLE_STRICT_OBJC_MSGSEND = YES;
				ENABLE_TESTABILITY = YES;
				GCC_C_LANGUAGE_STANDARD = gnu11;
				GCC_DYNAMIC_NO_PIC = NO;
				GCC_NO_COMMON_BLOCKS = YES;
				GCC_OPTIMIZATION_LEVEL = 0;
				GCC_PREPROCESSOR_DEFINITIONS = (
					"DEBUG=1",
					"$(inherited)",
				);
				GCC_WARN_64_TO_32_BIT_CONVERSION = YES;
				GCC_WARN_ABOUT_RETURN_TYPE = YES_ERROR;
				GCC_WARN_UNDECLARED_SELECTOR = YES;
				GCC_WARN_UNINITIALIZED_AUTOS = YES_AGGRESSIVE;
				GCC_WARN_UNUSED_FUNCTION = YES;
				GCC_WARN_UNUSED_VARIABLE = YES;
				IPHONEOS_DEPLOYMENT_TARGET = 16.4;
				MTL_ENABLE_DEBUG_INFO = INCLUDE_SOURCE;
				MTL_FAST_MATH = YES;
				ONLY_ACTIVE_ARCH = YES;
				SDKROOT = iphoneos;
				SWIFT_ACTIVE_COMPILATION_CONDITIONS = DEBUG;
				SWIFT_OPTIMIZATION_LEVEL = "-Onone";
			};
			name = Debug;
		};
		9082DEE72AA35386007F6881 /* Release */ = {
			isa = XCBuildConfiguration;
			buildSettings = {
				ALWAYS_SEARCH_USER_PATHS = NO;
				CLANG_ANALYZER_NONNULL = YES;
				CLANG_ANALYZER_NUMBER_OBJECT_CONVERSION = YES_AGGRESSIVE;
				CLANG_CXX_LANGUAGE_STANDARD = "gnu++20";
				CLANG_ENABLE_MODULES = YES;
				CLANG_ENABLE_OBJC_ARC = YES;
				CLANG_ENABLE_OBJC_WEAK = YES;
				CLANG_WARN_BLOCK_CAPTURE_AUTORELEASING = YES;
				CLANG_WARN_BOOL_CONVERSION = YES;
				CLANG_WARN_COMMA = YES;
				CLANG_WARN_CONSTANT_CONVERSION = YES;
				CLANG_WARN_DEPRECATED_OBJC_IMPLEMENTATIONS = YES;
				CLANG_WARN_DIRECT_OBJC_ISA_USAGE = YES_ERROR;
				CLANG_WARN_DOCUMENTATION_COMMENTS = YES;
				CLANG_WARN_EMPTY_BODY = YES;
				CLANG_WARN_ENUM_CONVERSION = YES;
				CLANG_WARN_INFINITE_RECURSION = YES;
				CLANG_WARN_INT_CONVERSION = YES;
				CLANG_WARN_NON_LITERAL_NULL_CONVERSION = YES;
				CLANG_WARN_OBJC_IMPLICIT_RETAIN_SELF = YES;
				CLANG_WARN_OBJC_LITERAL_CONVERSION = YES;
				CLANG_WARN_OBJC_ROOT_CLASS = YES_ERROR;
				CLANG_WARN_QUOTED_INCLUDE_IN_FRAMEWORK_HEADER = YES;
				CLANG_WARN_RANGE_LOOP_ANALYSIS = YES;
				CLANG_WARN_STRICT_PROTOTYPES = YES;
				CLANG_WARN_SUSPICIOUS_MOVE = YES;
				CLANG_WARN_UNGUARDED_AVAILABILITY = YES_AGGRESSIVE;
				CLANG_WARN_UNREACHABLE_CODE = YES;
				CLANG_WARN__DUPLICATE_METHOD_MATCH = YES;
				COPY_PHASE_STRIP = NO;
				DEBUG_INFORMATION_FORMAT = "dwarf-with-dsym";
				ENABLE_NS_ASSERTIONS = NO;
				ENABLE_STRICT_OBJC_MSGSEND = YES;
				GCC_C_LANGUAGE_STANDARD = gnu11;
				GCC_NO_COMMON_BLOCKS = YES;
				GCC_WARN_64_TO_32_BIT_CONVERSION = YES;
				GCC_WARN_ABOUT_RETURN_TYPE = YES_ERROR;
				GCC_WARN_UNDECLARED_SELECTOR = YES;
				GCC_WARN_UNINITIALIZED_AUTOS = YES_AGGRESSIVE;
				GCC_WARN_UNUSED_FUNCTION = YES;
				GCC_WARN_UNUSED_VARIABLE = YES;
				IPHONEOS_DEPLOYMENT_TARGET = 16.4;
				MTL_ENABLE_DEBUG_INFO = NO;
				MTL_FAST_MATH = YES;
				SDKROOT = iphoneos;
				SWIFT_COMPILATION_MODE = wholemodule;
				SWIFT_OPTIMIZATION_LEVEL = "-O";
				VALIDATE_PRODUCT = YES;
			};
			name = Release;
		};
		9082DEE92AA35386007F6881 /* Debug */ = {
			isa = XCBuildConfiguration;
			baseConfigurationReference = B4684562AA39005CC20A4616 /* Pods-newsApp.debug.xcconfig */;
			buildSettings = {
				ASSETCATALOG_COMPILER_APPICON_NAME = AppIcon;
				ASSETCATALOG_COMPILER_GLOBAL_ACCENT_COLOR_NAME = AccentColor;
				CODE_SIGN_STYLE = Automatic;
				CURRENT_PROJECT_VERSION = 1;
				DEVELOPMENT_TEAM = T29TPWL7GK;
				GENERATE_INFOPLIST_FILE = YES;
				INFOPLIST_FILE = newsApp/Info.plist;
				INFOPLIST_KEY_UIApplicationSupportsIndirectInputEvents = YES;
				INFOPLIST_KEY_UILaunchStoryboardName = LaunchScreen;
				INFOPLIST_KEY_UIMainStoryboardFile = Main;
				INFOPLIST_KEY_UISupportedInterfaceOrientations = UIInterfaceOrientationPortrait;
				INFOPLIST_KEY_UISupportedInterfaceOrientations_iPad = "UIInterfaceOrientationLandscapeLeft UIInterfaceOrientationLandscapeRight UIInterfaceOrientationPortrait UIInterfaceOrientationPortraitUpsideDown";
				LD_RUNPATH_SEARCH_PATHS = (
					"$(inherited)",
					"@executable_path/Frameworks",
				);
				MARKETING_VERSION = 1.0;
				PRODUCT_BUNDLE_IDENTIFIER = PankajSawale.newsApp;
				PRODUCT_NAME = "$(TARGET_NAME)";
				SWIFT_EMIT_LOC_STRINGS = YES;
				SWIFT_VERSION = 5.0;
				TARGETED_DEVICE_FAMILY = "1,2";
			};
			name = Debug;
		};
		9082DEEA2AA35386007F6881 /* Release */ = {
			isa = XCBuildConfiguration;
			baseConfigurationReference = DE3AEF51EC821C029C694C6C /* Pods-newsApp.release.xcconfig */;
			buildSettings = {
				ASSETCATALOG_COMPILER_APPICON_NAME = AppIcon;
				ASSETCATALOG_COMPILER_GLOBAL_ACCENT_COLOR_NAME = AccentColor;
				CODE_SIGN_STYLE = Automatic;
				CURRENT_PROJECT_VERSION = 1;
				DEVELOPMENT_TEAM = T29TPWL7GK;
				GENERATE_INFOPLIST_FILE = YES;
				INFOPLIST_FILE = newsApp/Info.plist;
				INFOPLIST_KEY_UIApplicationSupportsIndirectInputEvents = YES;
				INFOPLIST_KEY_UILaunchStoryboardName = LaunchScreen;
				INFOPLIST_KEY_UIMainStoryboardFile = Main;
				INFOPLIST_KEY_UISupportedInterfaceOrientations = UIInterfaceOrientationPortrait;
				INFOPLIST_KEY_UISupportedInterfaceOrientations_iPad = "UIInterfaceOrientationLandscapeLeft UIInterfaceOrientationLandscapeRight UIInterfaceOrientationPortrait UIInterfaceOrientationPortraitUpsideDown";
				LD_RUNPATH_SEARCH_PATHS = (
					"$(inherited)",
					"@executable_path/Frameworks",
				);
				MARKETING_VERSION = 1.0;
				PRODUCT_BUNDLE_IDENTIFIER = PankajSawale.newsApp;
				PRODUCT_NAME = "$(TARGET_NAME)";
				SWIFT_EMIT_LOC_STRINGS = YES;
				SWIFT_VERSION = 5.0;
				TARGETED_DEVICE_FAMILY = "1,2";
			};
			name = Release;
		};
		9082DEEC2AA35386007F6881 /* Debug */ = {
			isa = XCBuildConfiguration;
			baseConfigurationReference = 28219F17EA31FEAEFF7818A4 /* Pods-newsAppTests.debug.xcconfig */;
			buildSettings = {
				ALWAYS_EMBED_SWIFT_STANDARD_LIBRARIES = YES;
				BUNDLE_LOADER = "$(TEST_HOST)";
				CODE_SIGN_STYLE = Automatic;
				CURRENT_PROJECT_VERSION = 1;
				DEVELOPMENT_TEAM = T29TPWL7GK;
				GENERATE_INFOPLIST_FILE = YES;
				IPHONEOS_DEPLOYMENT_TARGET = 16.4;
				MARKETING_VERSION = 1.0;
				PRODUCT_BUNDLE_IDENTIFIER = PankajSawale.newsAppTests;
				PRODUCT_NAME = "$(TARGET_NAME)";
				SWIFT_EMIT_LOC_STRINGS = NO;
				SWIFT_VERSION = 5.0;
				TARGETED_DEVICE_FAMILY = "1,2";
				TEST_HOST = "$(BUILT_PRODUCTS_DIR)/newsApp.app/$(BUNDLE_EXECUTABLE_FOLDER_PATH)/newsApp";
			};
			name = Debug;
		};
		9082DEED2AA35386007F6881 /* Release */ = {
			isa = XCBuildConfiguration;
			baseConfigurationReference = 7D5B7D000C3BB5562C364EAC /* Pods-newsAppTests.release.xcconfig */;
			buildSettings = {
				ALWAYS_EMBED_SWIFT_STANDARD_LIBRARIES = YES;
				BUNDLE_LOADER = "$(TEST_HOST)";
				CODE_SIGN_STYLE = Automatic;
				CURRENT_PROJECT_VERSION = 1;
				DEVELOPMENT_TEAM = T29TPWL7GK;
				GENERATE_INFOPLIST_FILE = YES;
				IPHONEOS_DEPLOYMENT_TARGET = 16.4;
				MARKETING_VERSION = 1.0;
				PRODUCT_BUNDLE_IDENTIFIER = PankajSawale.newsAppTests;
				PRODUCT_NAME = "$(TARGET_NAME)";
				SWIFT_EMIT_LOC_STRINGS = NO;
				SWIFT_VERSION = 5.0;
				TARGETED_DEVICE_FAMILY = "1,2";
				TEST_HOST = "$(BUILT_PRODUCTS_DIR)/newsApp.app/$(BUNDLE_EXECUTABLE_FOLDER_PATH)/newsApp";
			};
			name = Release;
		};
		9082DEEF2AA35386007F6881 /* Debug */ = {
			isa = XCBuildConfiguration;
			baseConfigurationReference = EB0CACC0983B67A358629BE5 /* Pods-newsApp-newsAppUITests.debug.xcconfig */;
			buildSettings = {
				ALWAYS_EMBED_SWIFT_STANDARD_LIBRARIES = YES;
				CODE_SIGN_STYLE = Automatic;
				CURRENT_PROJECT_VERSION = 1;
				DEVELOPMENT_TEAM = T29TPWL7GK;
				GENERATE_INFOPLIST_FILE = YES;
				MARKETING_VERSION = 1.0;
				PRODUCT_BUNDLE_IDENTIFIER = PankajSawale.newsAppUITests;
				PRODUCT_NAME = "$(TARGET_NAME)";
				SWIFT_EMIT_LOC_STRINGS = NO;
				SWIFT_VERSION = 5.0;
				TARGETED_DEVICE_FAMILY = "1,2";
				TEST_TARGET_NAME = newsApp;
			};
			name = Debug;
		};
		9082DEF02AA35386007F6881 /* Release */ = {
			isa = XCBuildConfiguration;
			baseConfigurationReference = D09CE5DDE7B4D4BF222C3095 /* Pods-newsApp-newsAppUITests.release.xcconfig */;
			buildSettings = {
				ALWAYS_EMBED_SWIFT_STANDARD_LIBRARIES = YES;
				CODE_SIGN_STYLE = Automatic;
				CURRENT_PROJECT_VERSION = 1;
				DEVELOPMENT_TEAM = T29TPWL7GK;
				GENERATE_INFOPLIST_FILE = YES;
				MARKETING_VERSION = 1.0;
				PRODUCT_BUNDLE_IDENTIFIER = PankajSawale.newsAppUITests;
				PRODUCT_NAME = "$(TARGET_NAME)";
				SWIFT_EMIT_LOC_STRINGS = NO;
				SWIFT_VERSION = 5.0;
				TARGETED_DEVICE_FAMILY = "1,2";
				TEST_TARGET_NAME = newsApp;
			};
			name = Release;
		};
/* End XCBuildConfiguration section */

/* Begin XCConfigurationList section */
		9082DEB92AA35385007F6881 /* Build configuration list for PBXProject "newsApp" */ = {
			isa = XCConfigurationList;
			buildConfigurations = (
				9082DEE62AA35386007F6881 /* Debug */,
				9082DEE72AA35386007F6881 /* Release */,
			);
			defaultConfigurationIsVisible = 0;
			defaultConfigurationName = Release;
		};
		9082DEE82AA35386007F6881 /* Build configuration list for PBXNativeTarget "newsApp" */ = {
			isa = XCConfigurationList;
			buildConfigurations = (
				9082DEE92AA35386007F6881 /* Debug */,
				9082DEEA2AA35386007F6881 /* Release */,
			);
			defaultConfigurationIsVisible = 0;
			defaultConfigurationName = Release;
		};
		9082DEEB2AA35386007F6881 /* Build configuration list for PBXNativeTarget "newsAppTests" */ = {
			isa = XCConfigurationList;
			buildConfigurations = (
				9082DEEC2AA35386007F6881 /* Debug */,
				9082DEED2AA35386007F6881 /* Release */,
			);
			defaultConfigurationIsVisible = 0;
			defaultConfigurationName = Release;
		};
		9082DEEE2AA35386007F6881 /* Build configuration list for PBXNativeTarget "newsAppUITests" */ = {
			isa = XCConfigurationList;
			buildConfigurations = (
				9082DEEF2AA35386007F6881 /* Debug */,
				9082DEF02AA35386007F6881 /* Release */,
			);
			defaultConfigurationIsVisible = 0;
			defaultConfigurationName = Release;
		};
/* End XCConfigurationList section */
	};
	rootObject = 9082DEB62AA35385007F6881 /* Project object */;
}
